
Microsoft Visual Studio Solution File, Format Version 12.00
# Visual Studio Version 17
VisualStudioVersion = 17.13.35806.99
MinimumVisualStudioVersion = 10.0.40219.1
Project("{FAE04EC0-301F-11D3-BF4B-00C04F79EFBC}") = "BreakTimer", "BreakTimer.csproj", "{9CDB494A-2221-4CA3-BD88-49E718C5ADFF}"
EndProject
Project("{54435603-DBB4-11D2-8724-00A0C9A8B90C}") = "BreakTimerSetup", "BreakTimerSetup\BreakTimerSetup.vdproj", "{42CFD140-F734-CEE6-D4BA-BC931F65D38E}"
EndProject
Global
	GlobalSection(SolutionConfigurationPlatforms) = preSolution
		Debug|Any CPU = Debug|Any CPU
		Release|Any CPU = Release|Any CPU
	EndGlobalSection
	GlobalSection(ProjectConfigurationPlatforms) = postSolution
		{9CDB494A-2221-4CA3-BD88-49E718C5ADFF}.Debug|Any CPU.ActiveCfg = Debug|Any CPU
		{9CDB494A-2221-4CA3-BD88-49E718C5ADFF}.Debug|Any CPU.Build.0 = Debug|Any CPU
		{9CDB494A-2221-4CA3-BD88-49E718C5ADFF}.Release|Any CPU.ActiveCfg = Release|Any CPU
		{9CDB494A-2221-4CA3-BD88-49E718C5ADFF}.Release|Any CPU.Build.0 = Release|Any CPU
		{42CFD140-F734-CEE6-D4BA-BC931F65D38E}.Debug|Any CPU.ActiveCfg = Debug
		{42CFD140-F734-CEE6-D4BA-BC931F65D38E}.Release|Any CPU.ActiveCfg = Release
	EndGlobalSection
	GlobalSection(SolutionProperties) = preSolution
		HideSolutionNode = FALSE
	EndGlobalSection
	GlobalSection(ExtensibilityGlobals) = postSolution
		SolutionGuid = {F0AA3888-A787-47CA-A80D-8FD276898471}
	EndGlobalSection
EndGlobal
